
Microsoft Visual Studio Solution File, Format Version 12.00
Project("{FAE04EC0-301F-11D3-BF4B-00C04F79EFBC}") = "Devaneios", "Devaneios\Devaneios.csproj", "{417BB245-9BDB-4FB0-9A23-A763F15B7DC7}"
EndProject
Global
	GlobalSection(SolutionConfigurationPlatforms) = preSolution
		Debug|Any CPU = Debug|Any CPU
		Release|Any CPU = Release|Any CPU
	EndGlobalSection
	GlobalSection(ProjectConfigurationPlatforms) = postSolution
		{417BB245-9BDB-4FB0-9A23-A763F15B7DC7}.Debug|Any CPU.ActiveCfg = Debug|Any CPU
		{417BB245-9BDB-4FB0-9A23-A763F15B7DC7}.Debug|Any CPU.Build.0 = Debug|Any CPU
		{417BB245-9BDB-4FB0-9A23-A763F15B7DC7}.Release|Any CPU.ActiveCfg = Release|Any CPU
		{417BB245-9BDB-4FB0-9A23-A763F15B7DC7}.Release|Any CPU.Build.0 = Release|Any CPU
	EndGlobalSection
EndGlobal
